// !$*UTF8*$!
{
	archiveVersion = 1;
	classes = {
	};
	objectVersion = 48;
	objects = {

/* Begin PBXBuildFile section */
		41274DCF767A1BE7A80664EF /* Pods_RHTTests.framework in Frameworks */ = {isa = PBXBuildFile; fileRef = AC4023868CCA04E85029133C /* Pods_RHTTests.framework */; };
		70EB24AA65E633B82DD184C7 /* Pods_RHT.framework in Frameworks */ = {isa = PBXBuildFile; fileRef = A0B23696F8BA6542264D351A /* Pods_RHT.framework */; };
		8A01B5F220B130C400096FBE /* ChatModel.swift in Sources */ = {isa = PBXBuildFile; fileRef = 8A01B5F120B130C400096FBE /* ChatModel.swift */; };
		8A01B5F420B1396300096FBE /* ImageChatcell.swift in Sources */ = {isa = PBXBuildFile; fileRef = 8A01B5F320B1396300096FBE /* ImageChatcell.swift */; };
		8A01B5F620B145C000096FBE /* ChatTblDelegate.swift in Sources */ = {isa = PBXBuildFile; fileRef = 8A01B5F520B145C000096FBE /* ChatTblDelegate.swift */; };
		8A01B5F820B1576F00096FBE /* MasterDetailDelegate.swift in Sources */ = {isa = PBXBuildFile; fileRef = 8A01B5F720B1576F00096FBE /* MasterDetailDelegate.swift */; };
		8A01B5FA20B165DF00096FBE /* MaterDetailModel.swift in Sources */ = {isa = PBXBuildFile; fileRef = 8A01B5F920B165DF00096FBE /* MaterDetailModel.swift */; };
		8A08AA1620A32F0000C3B6A8 /* ChatViewController.swift in Sources */ = {isa = PBXBuildFile; fileRef = 8A08AA1520A32F0000C3B6A8 /* ChatViewController.swift */; };
		8A20477020BD506E006ED5AA /* CSSwiftApiHttpRequest.swift in Sources */ = {isa = PBXBuildFile; fileRef = 8A20476F20BD506E006ED5AA /* CSSwiftApiHttpRequest.swift */; };
		8A2413CB20C904D700033056 /* ImageView.swift in Sources */ = {isa = PBXBuildFile; fileRef = 8A2413CA20C904D700033056 /* ImageView.swift */; };
		8A2413CD20C9061D00033056 /* ImageViewCell.swift in Sources */ = {isa = PBXBuildFile; fileRef = 8A2413CC20C9061D00033056 /* ImageViewCell.swift */; };
		8A3B3F2B20AB22DB0003AD22 /* CommunicationController.swift in Sources */ = {isa = PBXBuildFile; fileRef = 8A3B3F2A20AB22DB0003AD22 /* CommunicationController.swift */; };
		8A42CC6C20C0198300AC6AB7 /* StringConstant.swift in Sources */ = {isa = PBXBuildFile; fileRef = 8A42CC6B20C0198300AC6AB7 /* StringConstant.swift */; };
		8A6AEB8E20B8262C00D89295 /* HttpRequestMethod.swift in Sources */ = {isa = PBXBuildFile; fileRef = 8A6AEB8D20B8262C00D89295 /* HttpRequestMethod.swift */; };
		8A6AEB9020B82C7100D89295 /* SessionManagers.swift in Sources */ = {isa = PBXBuildFile; fileRef = 8A6AEB8F20B82C7100D89295 /* SessionManagers.swift */; };
		8A6C0EFB20AF14E8004B13DE /* MatterDetailCell.swift in Sources */ = {isa = PBXBuildFile; fileRef = 8A6C0EFA20AF14E8004B13DE /* MatterDetailCell.swift */; };
		8A6C0EFD20AF15E4004B13DE /* MatterDetailDataSource.swift in Sources */ = {isa = PBXBuildFile; fileRef = 8A6C0EFC20AF15E4004B13DE /* MatterDetailDataSource.swift */; };
		8A6EDB5520C501B700AA9EF7 /* UserDetailModel.swift in Sources */ = {isa = PBXBuildFile; fileRef = 8A6EDB5420C501B700AA9EF7 /* UserDetailModel.swift */; };
		8A6EDB5720C5198F00AA9EF7 /* LoginParsing.swift in Sources */ = {isa = PBXBuildFile; fileRef = 8A6EDB5620C5198F00AA9EF7 /* LoginParsing.swift */; };
		8AA6E60D20BEC75E00C82BFA /* Enum.swift in Sources */ = {isa = PBXBuildFile; fileRef = 8AA6E60C20BEC75E00C82BFA /* Enum.swift */; };
		8AA6E60F20BED78A00C82BFA /* AppConfig.swift in Sources */ = {isa = PBXBuildFile; fileRef = 8AA6E60E20BED78A00C82BFA /* AppConfig.swift */; };
		8AD251F020B2F4CB00F77994 /* DesignableTextView.swift in Sources */ = {isa = PBXBuildFile; fileRef = 8AD251EF20B2F4CB00F77994 /* DesignableTextView.swift */; };
		8AD69C0E20A5BC8500F2E135 /* ChatCell.swift in Sources */ = {isa = PBXBuildFile; fileRef = 8AD69C0D20A5BC8500F2E135 /* ChatCell.swift */; };
		8ADC021520AEB85500EE03DA /* DesignableButon.swift in Sources */ = {isa = PBXBuildFile; fileRef = 8ADC021420AEB85500EE03DA /* DesignableButon.swift */; };
		8AEB4DD920AE04240045DBD2 /* CommunicationDetailController.swift in Sources */ = {isa = PBXBuildFile; fileRef = 8AEB4DD820AE04240045DBD2 /* CommunicationDetailController.swift */; };
		8AEB4DDB20AE047D0045DBD2 /* CommunicationDetailDataSource.swift in Sources */ = {isa = PBXBuildFile; fileRef = 8AEB4DDA20AE047D0045DBD2 /* CommunicationDetailDataSource.swift */; };
		8AFC65D820B1CF2E00865555 /* DesignableView.swift in Sources */ = {isa = PBXBuildFile; fileRef = 8AFC65D720B1CF2E00865555 /* DesignableView.swift */; };
		8AFC65DA20B1D6DD00865555 /* ImageListController.swift in Sources */ = {isa = PBXBuildFile; fileRef = 8AFC65D920B1D6DD00865555 /* ImageListController.swift */; };
		8AFED3EF20B21F040094F1DA /* ChatListController.swift in Sources */ = {isa = PBXBuildFile; fileRef = 8AFED3EE20B21F040094F1DA /* ChatListController.swift */; };
		8AFED3F720B27EEE0094F1DA /* AddCommunicationController.swift in Sources */ = {isa = PBXBuildFile; fileRef = 8AFED3F620B27EEE0094F1DA /* AddCommunicationController.swift */; };
		8AFED3F920B2ABC50094F1DA /* CustomText.swift in Sources */ = {isa = PBXBuildFile; fileRef = 8AFED3F820B2ABC50094F1DA /* CustomText.swift */; };
		8AFF1B3120C10795005ACCBD /* SharedAlert.swift in Sources */ = {isa = PBXBuildFile; fileRef = 8AFF1B3020C10795005ACCBD /* SharedAlert.swift */; };
		9C1C3FF06EF92C14D965D71D /* Pods_RHTUITests.framework in Frameworks */ = {isa = PBXBuildFile; fileRef = 51EE2E4E70A6D36CD1271759 /* Pods_RHTUITests.framework */; };
		A90BF65B2075F6AB007B8F2B /* RESideMenu.m in Sources */ = {isa = PBXBuildFile; fileRef = A90BF65A2075F6AB007B8F2B /* RESideMenu.m */; };
		A90BF65E2075F6D1007B8F2B /* UIViewController+RESideMenu.m in Sources */ = {isa = PBXBuildFile; fileRef = A90BF65D2075F6D1007B8F2B /* UIViewController+RESideMenu.m */; };
		A914484120700A960031AD30 /* HomeViewController.swift in Sources */ = {isa = PBXBuildFile; fileRef = A914484020700A960031AD30 /* HomeViewController.swift */; };
		A914484320700E650031AD30 /* HomeCollectionViewCell.swift in Sources */ = {isa = PBXBuildFile; fileRef = A914484220700E650031AD30 /* HomeCollectionViewCell.swift */; };
		A916538E206E759C0029FFE1 /* CustomTextField.swift in Sources */ = {isa = PBXBuildFile; fileRef = A916538D206E759C0029FFE1 /* CustomTextField.swift */; };
		A918244B206CBB2000B358D8 /* AppDelegate.swift in Sources */ = {isa = PBXBuildFile; fileRef = A918244A206CBB2000B358D8 /* AppDelegate.swift */; };
		A9182452206CBB2000B358D8 /* Assets.xcassets in Resources */ = {isa = PBXBuildFile; fileRef = A9182451206CBB2000B358D8 /* Assets.xcassets */; };
		A9182455206CBB2000B358D8 /* LaunchScreen.storyboard in Resources */ = {isa = PBXBuildFile; fileRef = A9182453206CBB2000B358D8 /* LaunchScreen.storyboard */; };
		A9182460206CBB2000B358D8 /* RHTTests.swift in Sources */ = {isa = PBXBuildFile; fileRef = A918245F206CBB2000B358D8 /* RHTTests.swift */; };
		A918246B206CBB2000B358D8 /* RHTUITests.swift in Sources */ = {isa = PBXBuildFile; fileRef = A918246A206CBB2000B358D8 /* RHTUITests.swift */; };
		A9182481206CBD8F00B358D8 /* Login.storyboard in Resources */ = {isa = PBXBuildFile; fileRef = A9182480206CBD8F00B358D8 /* Login.storyboard */; };
		A9182483206CBF6500B358D8 /* LoginViewController.swift in Sources */ = {isa = PBXBuildFile; fileRef = A9182482206CBF6500B358D8 /* LoginViewController.swift */; };
		A9182486206CC4AC00B358D8 /* BaseViewController.swift in Sources */ = {isa = PBXBuildFile; fileRef = A9182485206CC4AC00B358D8 /* BaseViewController.swift */; };
		A9182488206CC4EC00B358D8 /* SharedData.swift in Sources */ = {isa = PBXBuildFile; fileRef = A9182487206CC4EC00B358D8 /* SharedData.swift */; };
		A918248A206CC50500B358D8 /* AppConstant.swift in Sources */ = {isa = PBXBuildFile; fileRef = A9182489206CC50500B358D8 /* AppConstant.swift */; };
		A918248C206CCA5900B358D8 /* Main.storyboard in Resources */ = {isa = PBXBuildFile; fileRef = A918248B206CCA5900B358D8 /* Main.storyboard */; };
		A918248E206CD09800B358D8 /* RegisterViewController.swift in Sources */ = {isa = PBXBuildFile; fileRef = A918248D206CD09800B358D8 /* RegisterViewController.swift */; };
		A91E87ED207115C1006AF73D /* Loginipad.storyboard in Resources */ = {isa = PBXBuildFile; fileRef = A91E87EC207115C1006AF73D /* Loginipad.storyboard */; };
		A91F3E5720AA92D70080B8E9 /* ChatTblSource.swift in Sources */ = {isa = PBXBuildFile; fileRef = A91F3E5620AA92D70080B8E9 /* ChatTblSource.swift */; };
		A91F3E5C20AABED80080B8E9 /* Communication.storyboard in Resources */ = {isa = PBXBuildFile; fileRef = A91F3E5B20AABED80080B8E9 /* Communication.storyboard */; };
		A9209FA620AC1D8700E2F174 /* MatterFlowLayout.swift in Sources */ = {isa = PBXBuildFile; fileRef = A9209FA520AC1D8700E2F174 /* MatterFlowLayout.swift */; };
		A9209FA820AC30BD00E2F174 /* MatterDataSource.swift in Sources */ = {isa = PBXBuildFile; fileRef = A9209FA720AC30BD00E2F174 /* MatterDataSource.swift */; };
		A921F83220774C120042738A /* RECommonFunctions.m in Sources */ = {isa = PBXBuildFile; fileRef = A921F83120774C120042738A /* RECommonFunctions.m */; };
		A921F835207755640042738A /* SharedNavigation.swift in Sources */ = {isa = PBXBuildFile; fileRef = A921F834207755640042738A /* SharedNavigation.swift */; };
		A994955220AC1A4F00EECC2B /* MatterCollectionViewCell.swift in Sources */ = {isa = PBXBuildFile; fileRef = A994955120AC1A4F00EECC2B /* MatterCollectionViewCell.swift */; };
		A9A134DD2078A6A00093A78E /* SettingViewController.swift in Sources */ = {isa = PBXBuildFile; fileRef = A9A134DC2078A6A00093A78E /* SettingViewController.swift */; };
		A9A134DF2078B1930093A78E /* HomeCollectionFlowLayout.swift in Sources */ = {isa = PBXBuildFile; fileRef = A9A134DE2078B1930093A78E /* HomeCollectionFlowLayout.swift */; };
/* End PBXBuildFile section */

/* Begin PBXContainerItemProxy section */
		A918245C206CBB2000B358D8 /* PBXContainerItemProxy */ = {
			isa = PBXContainerItemProxy;
			containerPortal = A918243F206CBB2000B358D8 /* Project object */;
			proxyType = 1;
			remoteGlobalIDString = A9182446206CBB2000B358D8;
			remoteInfo = RHT;
		};
		A9182467206CBB2000B358D8 /* PBXContainerItemProxy */ = {
			isa = PBXContainerItemProxy;
			containerPortal = A918243F206CBB2000B358D8 /* Project object */;
			proxyType = 1;
			remoteGlobalIDString = A9182446206CBB2000B358D8;
			remoteInfo = RHT;
		};
/* End PBXContainerItemProxy section */

/* Begin PBXFileReference section */
		00C3577DEEB6F94C6F480A0C /* Pods-RHTUITests.release.xcconfig */ = {isa = PBXFileReference; includeInIndex = 1; lastKnownFileType = text.xcconfig; name = "Pods-RHTUITests.release.xcconfig"; path = "Pods/Target Support Files/Pods-RHTUITests/Pods-RHTUITests.release.xcconfig"; sourceTree = "<group>"; };
		23A46941AB6EDF52BA6F8B03 /* Pods-RHT.debug.xcconfig */ = {isa = PBXFileReference; includeInIndex = 1; lastKnownFileType = text.xcconfig; name = "Pods-RHT.debug.xcconfig"; path = "Pods/Target Support Files/Pods-RHT/Pods-RHT.debug.xcconfig"; sourceTree = "<group>"; };
		244D957A260B9154C0786612 /* Pods-RHT.release.xcconfig */ = {isa = PBXFileReference; includeInIndex = 1; lastKnownFileType = text.xcconfig; name = "Pods-RHT.release.xcconfig"; path = "Pods/Target Support Files/Pods-RHT/Pods-RHT.release.xcconfig"; sourceTree = "<group>"; };
		51C99EB4291957B471CC89F1 /* Pods-RHTUITests.debug.xcconfig */ = {isa = PBXFileReference; includeInIndex = 1; lastKnownFileType = text.xcconfig; name = "Pods-RHTUITests.debug.xcconfig"; path = "Pods/Target Support Files/Pods-RHTUITests/Pods-RHTUITests.debug.xcconfig"; sourceTree = "<group>"; };
		51EE2E4E70A6D36CD1271759 /* Pods_RHTUITests.framework */ = {isa = PBXFileReference; explicitFileType = wrapper.framework; includeInIndex = 0; path = Pods_RHTUITests.framework; sourceTree = BUILT_PRODUCTS_DIR; };
		7B2CDDDB8AFBA956B6E3AD4B /* Pods-RHTTests.release.xcconfig */ = {isa = PBXFileReference; includeInIndex = 1; lastKnownFileType = text.xcconfig; name = "Pods-RHTTests.release.xcconfig"; path = "Pods/Target Support Files/Pods-RHTTests/Pods-RHTTests.release.xcconfig"; sourceTree = "<group>"; };
		8A01B5F120B130C400096FBE /* ChatModel.swift */ = {isa = PBXFileReference; lastKnownFileType = sourcecode.swift; path = ChatModel.swift; sourceTree = "<group>"; };
		8A01B5F320B1396300096FBE /* ImageChatcell.swift */ = {isa = PBXFileReference; lastKnownFileType = sourcecode.swift; path = ImageChatcell.swift; sourceTree = "<group>"; };
		8A01B5F520B145C000096FBE /* ChatTblDelegate.swift */ = {isa = PBXFileReference; lastKnownFileType = sourcecode.swift; path = ChatTblDelegate.swift; sourceTree = "<group>"; };
		8A01B5F720B1576F00096FBE /* MasterDetailDelegate.swift */ = {isa = PBXFileReference; lastKnownFileType = sourcecode.swift; path = MasterDetailDelegate.swift; sourceTree = "<group>"; };
		8A01B5F920B165DF00096FBE /* MaterDetailModel.swift */ = {isa = PBXFileReference; lastKnownFileType = sourcecode.swift; path = MaterDetailModel.swift; sourceTree = "<group>"; };
		8A08AA1520A32F0000C3B6A8 /* ChatViewController.swift */ = {isa = PBXFileReference; lastKnownFileType = sourcecode.swift; path = ChatViewController.swift; sourceTree = "<group>"; };
		8A20476F20BD506E006ED5AA /* CSSwiftApiHttpRequest.swift */ = {isa = PBXFileReference; fileEncoding = 4; lastKnownFileType = sourcecode.swift; path = CSSwiftApiHttpRequest.swift; sourceTree = "<group>"; };
		8A2413CA20C904D700033056 /* ImageView.swift */ = {isa = PBXFileReference; lastKnownFileType = sourcecode.swift; path = ImageView.swift; sourceTree = "<group>"; };
		8A2413CC20C9061D00033056 /* ImageViewCell.swift */ = {isa = PBXFileReference; lastKnownFileType = sourcecode.swift; path = ImageViewCell.swift; sourceTree = "<group>"; };
		8A3B3F2A20AB22DB0003AD22 /* CommunicationController.swift */ = {isa = PBXFileReference; lastKnownFileType = sourcecode.swift; path = CommunicationController.swift; sourceTree = "<group>"; };
		8A42CC6B20C0198300AC6AB7 /* StringConstant.swift */ = {isa = PBXFileReference; lastKnownFileType = sourcecode.swift; path = StringConstant.swift; sourceTree = "<group>"; };
		8A6AEB8D20B8262C00D89295 /* HttpRequestMethod.swift */ = {isa = PBXFileReference; lastKnownFileType = sourcecode.swift; path = HttpRequestMethod.swift; sourceTree = "<group>"; };
		8A6AEB8F20B82C7100D89295 /* SessionManagers.swift */ = {isa = PBXFileReference; lastKnownFileType = sourcecode.swift; path = SessionManagers.swift; sourceTree = "<group>"; };
		8A6C0EFA20AF14E8004B13DE /* MatterDetailCell.swift */ = {isa = PBXFileReference; lastKnownFileType = sourcecode.swift; path = MatterDetailCell.swift; sourceTree = "<group>"; };
		8A6C0EFC20AF15E4004B13DE /* MatterDetailDataSource.swift */ = {isa = PBXFileReference; lastKnownFileType = sourcecode.swift; path = MatterDetailDataSource.swift; sourceTree = "<group>"; };
		8A6EDB5420C501B700AA9EF7 /* UserDetailModel.swift */ = {isa = PBXFileReference; lastKnownFileType = sourcecode.swift; path = UserDetailModel.swift; sourceTree = "<group>"; };
		8A6EDB5620C5198F00AA9EF7 /* LoginParsing.swift */ = {isa = PBXFileReference; lastKnownFileType = sourcecode.swift; path = LoginParsing.swift; sourceTree = "<group>"; };
		8AA6E60C20BEC75E00C82BFA /* Enum.swift */ = {isa = PBXFileReference; lastKnownFileType = sourcecode.swift; path = Enum.swift; sourceTree = "<group>"; };
		8AA6E60E20BED78A00C82BFA /* AppConfig.swift */ = {isa = PBXFileReference; lastKnownFileType = sourcecode.swift; path = AppConfig.swift; sourceTree = "<group>"; };
		8AD251EF20B2F4CB00F77994 /* DesignableTextView.swift */ = {isa = PBXFileReference; lastKnownFileType = sourcecode.swift; path = DesignableTextView.swift; sourceTree = "<group>"; };
		8AD69C0D20A5BC8500F2E135 /* ChatCell.swift */ = {isa = PBXFileReference; lastKnownFileType = sourcecode.swift; path = ChatCell.swift; sourceTree = "<group>"; };
		8ADC021420AEB85500EE03DA /* DesignableButon.swift */ = {isa = PBXFileReference; lastKnownFileType = sourcecode.swift; path = DesignableButon.swift; sourceTree = "<group>"; };
		8AEB4DD820AE04240045DBD2 /* CommunicationDetailController.swift */ = {isa = PBXFileReference; lastKnownFileType = sourcecode.swift; path = CommunicationDetailController.swift; sourceTree = "<group>"; };
		8AEB4DDA20AE047D0045DBD2 /* CommunicationDetailDataSource.swift */ = {isa = PBXFileReference; lastKnownFileType = sourcecode.swift; path = CommunicationDetailDataSource.swift; sourceTree = "<group>"; };
		8AFC65D720B1CF2E00865555 /* DesignableView.swift */ = {isa = PBXFileReference; lastKnownFileType = sourcecode.swift; path = DesignableView.swift; sourceTree = "<group>"; };
		8AFC65D920B1D6DD00865555 /* ImageListController.swift */ = {isa = PBXFileReference; lastKnownFileType = sourcecode.swift; path = ImageListController.swift; sourceTree = "<group>"; };
		8AFED3EE20B21F040094F1DA /* ChatListController.swift */ = {isa = PBXFileReference; lastKnownFileType = sourcecode.swift; path = ChatListController.swift; sourceTree = "<group>"; };
		8AFED3F620B27EEE0094F1DA /* AddCommunicationController.swift */ = {isa = PBXFileReference; lastKnownFileType = sourcecode.swift; path = AddCommunicationController.swift; sourceTree = "<group>"; };
		8AFED3F820B2ABC50094F1DA /* CustomText.swift */ = {isa = PBXFileReference; lastKnownFileType = sourcecode.swift; path = CustomText.swift; sourceTree = "<group>"; };
		8AFF1B3020C10795005ACCBD /* SharedAlert.swift */ = {isa = PBXFileReference; lastKnownFileType = sourcecode.swift; path = SharedAlert.swift; sourceTree = "<group>"; };
		A0B23696F8BA6542264D351A /* Pods_RHT.framework */ = {isa = PBXFileReference; explicitFileType = wrapper.framework; includeInIndex = 0; path = Pods_RHT.framework; sourceTree = BUILT_PRODUCTS_DIR; };
		A90BF6592075F695007B8F2B /* RESideMenu.h */ = {isa = PBXFileReference; lastKnownFileType = sourcecode.c.h; path = RESideMenu.h; sourceTree = "<group>"; };
		A90BF65A2075F6AB007B8F2B /* RESideMenu.m */ = {isa = PBXFileReference; fileEncoding = 4; lastKnownFileType = sourcecode.c.objc; path = RESideMenu.m; sourceTree = "<group>"; };
		A90BF65C2075F6C9007B8F2B /* UIViewController+RESideMenu.h */ = {isa = PBXFileReference; lastKnownFileType = sourcecode.c.h; path = "UIViewController+RESideMenu.h"; sourceTree = "<group>"; };
		A90BF65D2075F6D1007B8F2B /* UIViewController+RESideMenu.m */ = {isa = PBXFileReference; fileEncoding = 4; lastKnownFileType = sourcecode.c.objc; path = "UIViewController+RESideMenu.m"; sourceTree = "<group>"; };
		A914484020700A960031AD30 /* HomeViewController.swift */ = {isa = PBXFileReference; lastKnownFileType = sourcecode.swift; path = HomeViewController.swift; sourceTree = "<group>"; };
		A914484220700E650031AD30 /* HomeCollectionViewCell.swift */ = {isa = PBXFileReference; lastKnownFileType = sourcecode.swift; path = HomeCollectionViewCell.swift; sourceTree = "<group>"; };
		A916538D206E759C0029FFE1 /* CustomTextField.swift */ = {isa = PBXFileReference; lastKnownFileType = sourcecode.swift; path = CustomTextField.swift; sourceTree = "<group>"; };
		A9182447206CBB2000B358D8 /* RHT.app */ = {isa = PBXFileReference; explicitFileType = wrapper.application; includeInIndex = 0; path = RHT.app; sourceTree = BUILT_PRODUCTS_DIR; };
		A918244A206CBB2000B358D8 /* AppDelegate.swift */ = {isa = PBXFileReference; lastKnownFileType = sourcecode.swift; path = AppDelegate.swift; sourceTree = "<group>"; };
		A9182451206CBB2000B358D8 /* Assets.xcassets */ = {isa = PBXFileReference; lastKnownFileType = folder.assetcatalog; path = Assets.xcassets; sourceTree = "<group>"; };
		A9182454206CBB2000B358D8 /* Base */ = {isa = PBXFileReference; lastKnownFileType = file.storyboard; name = Base; path = Base.lproj/LaunchScreen.storyboard; sourceTree = "<group>"; };
		A9182456206CBB2000B358D8 /* Info.plist */ = {isa = PBXFileReference; lastKnownFileType = text.plist.xml; path = Info.plist; sourceTree = "<group>"; };
		A918245B206CBB2000B358D8 /* RHTTests.xctest */ = {isa = PBXFileReference; explicitFileType = wrapper.cfbundle; includeInIndex = 0; path = RHTTests.xctest; sourceTree = BUILT_PRODUCTS_DIR; };
		A918245F206CBB2000B358D8 /* RHTTests.swift */ = {isa = PBXFileReference; lastKnownFileType = sourcecode.swift; path = RHTTests.swift; sourceTree = "<group>"; };
		A9182461206CBB2000B358D8 /* Info.plist */ = {isa = PBXFileReference; lastKnownFileType = text.plist.xml; path = Info.plist; sourceTree = "<group>"; };
		A9182466206CBB2000B358D8 /* RHTUITests.xctest */ = {isa = PBXFileReference; explicitFileType = wrapper.cfbundle; includeInIndex = 0; path = RHTUITests.xctest; sourceTree = BUILT_PRODUCTS_DIR; };
		A918246A206CBB2000B358D8 /* RHTUITests.swift */ = {isa = PBXFileReference; lastKnownFileType = sourcecode.swift; path = RHTUITests.swift; sourceTree = "<group>"; };
		A918246C206CBB2000B358D8 /* Info.plist */ = {isa = PBXFileReference; lastKnownFileType = text.plist.xml; path = Info.plist; sourceTree = "<group>"; };
		A9182480206CBD8F00B358D8 /* Login.storyboard */ = {isa = PBXFileReference; lastKnownFileType = file.storyboard; path = Login.storyboard; sourceTree = "<group>"; };
		A9182482206CBF6500B358D8 /* LoginViewController.swift */ = {isa = PBXFileReference; lastKnownFileType = sourcecode.swift; path = LoginViewController.swift; sourceTree = "<group>"; };
		A9182485206CC4AC00B358D8 /* BaseViewController.swift */ = {isa = PBXFileReference; lastKnownFileType = sourcecode.swift; path = BaseViewController.swift; sourceTree = "<group>"; };
		A9182487206CC4EC00B358D8 /* SharedData.swift */ = {isa = PBXFileReference; lastKnownFileType = sourcecode.swift; path = SharedData.swift; sourceTree = "<group>"; };
		A9182489206CC50500B358D8 /* AppConstant.swift */ = {isa = PBXFileReference; lastKnownFileType = sourcecode.swift; path = AppConstant.swift; sourceTree = "<group>"; };
		A918248B206CCA5900B358D8 /* Main.storyboard */ = {isa = PBXFileReference; lastKnownFileType = file.storyboard; path = Main.storyboard; sourceTree = "<group>"; };
		A918248D206CD09800B358D8 /* RegisterViewController.swift */ = {isa = PBXFileReference; lastKnownFileType = sourcecode.swift; path = RegisterViewController.swift; sourceTree = "<group>"; };
		A91E87EC207115C1006AF73D /* Loginipad.storyboard */ = {isa = PBXFileReference; fileEncoding = 4; lastKnownFileType = file.storyboard; path = Loginipad.storyboard; sourceTree = "<group>"; };
		A91F3E5620AA92D70080B8E9 /* ChatTblSource.swift */ = {isa = PBXFileReference; lastKnownFileType = sourcecode.swift; path = ChatTblSource.swift; sourceTree = "<group>"; };
		A91F3E5B20AABED80080B8E9 /* Communication.storyboard */ = {isa = PBXFileReference; lastKnownFileType = file.storyboard; path = Communication.storyboard; sourceTree = "<group>"; };
		A9209FA520AC1D8700E2F174 /* MatterFlowLayout.swift */ = {isa = PBXFileReference; lastKnownFileType = sourcecode.swift; path = MatterFlowLayout.swift; sourceTree = "<group>"; };
		A9209FA720AC30BD00E2F174 /* MatterDataSource.swift */ = {isa = PBXFileReference; lastKnownFileType = sourcecode.swift; path = MatterDataSource.swift; sourceTree = "<group>"; };
		A921F83020774C080042738A /* RECommonFunctions.h */ = {isa = PBXFileReference; lastKnownFileType = sourcecode.c.h; path = RECommonFunctions.h; sourceTree = "<group>"; };
		A921F83120774C120042738A /* RECommonFunctions.m */ = {isa = PBXFileReference; fileEncoding = 4; lastKnownFileType = sourcecode.c.objc; path = RECommonFunctions.m; sourceTree = "<group>"; };
		A921F83320774DD60042738A /* RHT-Bridging-Header.h */ = {isa = PBXFileReference; lastKnownFileType = sourcecode.c.h; path = "RHT-Bridging-Header.h"; sourceTree = "<group>"; };
		A921F834207755640042738A /* SharedNavigation.swift */ = {isa = PBXFileReference; lastKnownFileType = sourcecode.swift; path = SharedNavigation.swift; sourceTree = "<group>"; };
		A994955120AC1A4F00EECC2B /* MatterCollectionViewCell.swift */ = {isa = PBXFileReference; lastKnownFileType = sourcecode.swift; path = MatterCollectionViewCell.swift; sourceTree = "<group>"; };
		A9A134DC2078A6A00093A78E /* SettingViewController.swift */ = {isa = PBXFileReference; lastKnownFileType = sourcecode.swift; path = SettingViewController.swift; sourceTree = "<group>"; };
		A9A134DE2078B1930093A78E /* HomeCollectionFlowLayout.swift */ = {isa = PBXFileReference; lastKnownFileType = sourcecode.swift; path = HomeCollectionFlowLayout.swift; sourceTree = "<group>"; };
		AC4023868CCA04E85029133C /* Pods_RHTTests.framework */ = {isa = PBXFileReference; explicitFileType = wrapper.framework; includeInIndex = 0; path = Pods_RHTTests.framework; sourceTree = BUILT_PRODUCTS_DIR; };
		C954AB559FFB2A8158F85024 /* Pods-RHTTests.debug.xcconfig */ = {isa = PBXFileReference; includeInIndex = 1; lastKnownFileType = text.xcconfig; name = "Pods-RHTTests.debug.xcconfig"; path = "Pods/Target Support Files/Pods-RHTTests/Pods-RHTTests.debug.xcconfig"; sourceTree = "<group>"; };
/* End PBXFileReference section */

/* Begin PBXFrameworksBuildPhase section */
		A9182444206CBB2000B358D8 /* Frameworks */ = {
			isa = PBXFrameworksBuildPhase;
			buildActionMask = 2147483647;
			files = (
				70EB24AA65E633B82DD184C7 /* Pods_RHT.framework in Frameworks */,
			);
			runOnlyForDeploymentPostprocessing = 0;
		};
		A9182458206CBB2000B358D8 /* Frameworks */ = {
			isa = PBXFrameworksBuildPhase;
			buildActionMask = 2147483647;
			files = (
				41274DCF767A1BE7A80664EF /* Pods_RHTTests.framework in Frameworks */,
			);
			runOnlyForDeploymentPostprocessing = 0;
		};
		A9182463206CBB2000B358D8 /* Frameworks */ = {
			isa = PBXFrameworksBuildPhase;
			buildActionMask = 2147483647;
			files = (
				9C1C3FF06EF92C14D965D71D /* Pods_RHTUITests.framework in Frameworks */,
			);
			runOnlyForDeploymentPostprocessing = 0;
		};
/* End PBXFrameworksBuildPhase section */

/* Begin PBXGroup section */
		081212D0240575ADD3C0A24C /* Frameworks */ = {
			isa = PBXGroup;
			children = (
				A0B23696F8BA6542264D351A /* Pods_RHT.framework */,
				AC4023868CCA04E85029133C /* Pods_RHTTests.framework */,
				51EE2E4E70A6D36CD1271759 /* Pods_RHTUITests.framework */,
			);
			name = Frameworks;
			sourceTree = "<group>";
		};
		8A08AA1320A32E6A00C3B6A8 /* Chat */ = {
			isa = PBXGroup;
			children = (
				A994955020AC1A0F00EECC2B /* View */,
				A9BEEEF020A5731B00C4755F /* Model */,
				8A08AA1420A32E8900C3B6A8 /* Controller */,
			);
			path = Chat;
			sourceTree = "<group>";
		};
		8A08AA1420A32E8900C3B6A8 /* Controller */ = {
			isa = PBXGroup;
			children = (
				8A08AA1520A32F0000C3B6A8 /* ChatViewController.swift */,
			);
			path = Controller;
			sourceTree = "<group>";
		};
		8A3B3F2720AB1B580003AD22 /* Controller */ = {
			isa = PBXGroup;
			children = (
				8A3B3F2A20AB22DB0003AD22 /* CommunicationController.swift */,
				8AEB4DD820AE04240045DBD2 /* CommunicationDetailController.swift */,
				8AFC65D920B1D6DD00865555 /* ImageListController.swift */,
				8AFED3EE20B21F040094F1DA /* ChatListController.swift */,
				8AFED3F620B27EEE0094F1DA /* AddCommunicationController.swift */,
			);
			path = Controller;
			sourceTree = "<group>";
		};
		8A3B3F2820AB1B790003AD22 /* View */ = {
			isa = PBXGroup;
			children = (
				A91F3E5B20AABED80080B8E9 /* Communication.storyboard */,
				A994955120AC1A4F00EECC2B /* MatterCollectionViewCell.swift */,
				8A6C0EFA20AF14E8004B13DE /* MatterDetailCell.swift */,
				8A2413CA20C904D700033056 /* ImageView.swift */,
				8A2413CC20C9061D00033056 /* ImageViewCell.swift */,
			);
			path = View;
			sourceTree = "<group>";
		};
		8A6AEB8C20B8257200D89295 /* ApiRequest */ = {
			isa = PBXGroup;
			children = (
				8A20476F20BD506E006ED5AA /* CSSwiftApiHttpRequest.swift */,
				8A6AEB8D20B8262C00D89295 /* HttpRequestMethod.swift */,
				8A6AEB8F20B82C7100D89295 /* SessionManagers.swift */,
			);
			path = ApiRequest;
			sourceTree = "<group>";
		};
		A90BF6582075F65B007B8F2B /* SideMenu */ = {
			isa = PBXGroup;
			children = (
				A921F83020774C080042738A /* RECommonFunctions.h */,
				A921F83120774C120042738A /* RECommonFunctions.m */,
				A90BF65C2075F6C9007B8F2B /* UIViewController+RESideMenu.h */,
				A90BF65D2075F6D1007B8F2B /* UIViewController+RESideMenu.m */,
				A90BF6592075F695007B8F2B /* RESideMenu.h */,
				A90BF65A2075F6AB007B8F2B /* RESideMenu.m */,
			);
			path = SideMenu;
			sourceTree = "<group>";
		};
		A918243E206CBB2000B358D8 = {
			isa = PBXGroup;
			children = (
				A9182449206CBB2000B358D8 /* RHT */,
				A918245E206CBB2000B358D8 /* RHTTests */,
				A9182469206CBB2000B358D8 /* RHTUITests */,
				A9182448206CBB2000B358D8 /* Products */,
				D7A125A67E165C407DEAE53A /* Pods */,
				081212D0240575ADD3C0A24C /* Frameworks */,
			);
			sourceTree = "<group>";
		};
		A9182448206CBB2000B358D8 /* Products */ = {
			isa = PBXGroup;
			children = (
				A9182447206CBB2000B358D8 /* RHT.app */,
				A918245B206CBB2000B358D8 /* RHTTests.xctest */,
				A9182466206CBB2000B358D8 /* RHTUITests.xctest */,
			);
			name = Products;
			sourceTree = "<group>";
		};
		A9182449206CBB2000B358D8 /* RHT */ = {
			isa = PBXGroup;
			children = (
				8A6AEB8C20B8257200D89295 /* ApiRequest */,
				A91F3E5A20AABE980080B8E9 /* communications */,
				8A08AA1320A32E6A00C3B6A8 /* Chat */,
				A9A134DA2078A5270093A78E /* Settings */,
				A90BF6582075F65B007B8F2B /* SideMenu */,
				A9182484206CC48400B358D8 /* ShareClass */,
				A918247C206CBD0B00B358D8 /* Login */,
				A918244A206CBB2000B358D8 /* AppDelegate.swift */,
				A9182451206CBB2000B358D8 /* Assets.xcassets */,
				A9182453206CBB2000B358D8 /* LaunchScreen.storyboard */,
				A9182456206CBB2000B358D8 /* Info.plist */,
				A921F83320774DD60042738A /* RHT-Bridging-Header.h */,
			);
			path = RHT;
			sourceTree = "<group>";
		};
		A918245E206CBB2000B358D8 /* RHTTests */ = {
			isa = PBXGroup;
			children = (
				A918245F206CBB2000B358D8 /* RHTTests.swift */,
				A9182461206CBB2000B358D8 /* Info.plist */,
			);
			path = RHTTests;
			sourceTree = "<group>";
		};
		A9182469206CBB2000B358D8 /* RHTUITests */ = {
			isa = PBXGroup;
			children = (
				A918246A206CBB2000B358D8 /* RHTUITests.swift */,
				A918246C206CBB2000B358D8 /* Info.plist */,
			);
			path = RHTUITests;
			sourceTree = "<group>";
		};
		A918247C206CBD0B00B358D8 /* Login */ = {
			isa = PBXGroup;
			children = (
				A918247F206CBD7300B358D8 /* Controller */,
				A918247E206CBD6A00B358D8 /* Model */,
				A918247D206CBD5F00B358D8 /* View */,
			);
			path = Login;
			sourceTree = "<group>";
		};
		A918247D206CBD5F00B358D8 /* View */ = {
			isa = PBXGroup;
			children = (
				A9182480206CBD8F00B358D8 /* Login.storyboard */,
				A91E87EC207115C1006AF73D /* Loginipad.storyboard */,
				A918248B206CCA5900B358D8 /* Main.storyboard */,
			);
			path = View;
			sourceTree = "<group>";
		};
		A918247E206CBD6A00B358D8 /* Model */ = {
			isa = PBXGroup;
			children = (
				A914484220700E650031AD30 /* HomeCollectionViewCell.swift */,
				A9A134DE2078B1930093A78E /* HomeCollectionFlowLayout.swift */,
				8A6EDB5420C501B700AA9EF7 /* UserDetailModel.swift */,
				8A6EDB5620C5198F00AA9EF7 /* LoginParsing.swift */,
			);
			path = Model;
			sourceTree = "<group>";
		};
		A918247F206CBD7300B358D8 /* Controller */ = {
			isa = PBXGroup;
			children = (
				A9182482206CBF6500B358D8 /* LoginViewController.swift */,
				A918248D206CD09800B358D8 /* RegisterViewController.swift */,
				A914484020700A960031AD30 /* HomeViewController.swift */,
			);
			path = Controller;
			sourceTree = "<group>";
		};
		A9182484206CC48400B358D8 /* ShareClass */ = {
			isa = PBXGroup;
			children = (
				A9182485206CC4AC00B358D8 /* BaseViewController.swift */,
				A9182487206CC4EC00B358D8 /* SharedData.swift */,
				A9182489206CC50500B358D8 /* AppConstant.swift */,
				A916538D206E759C0029FFE1 /* CustomTextField.swift */,
				A921F834207755640042738A /* SharedNavigation.swift */,
				8ADC021420AEB85500EE03DA /* DesignableButon.swift */,
				8AFC65D720B1CF2E00865555 /* DesignableView.swift */,
				8AFED3F820B2ABC50094F1DA /* CustomText.swift */,
				8AD251EF20B2F4CB00F77994 /* DesignableTextView.swift */,
				8AA6E60C20BEC75E00C82BFA /* Enum.swift */,
				8AA6E60E20BED78A00C82BFA /* AppConfig.swift */,
				8A42CC6B20C0198300AC6AB7 /* StringConstant.swift */,
				8AFF1B3020C10795005ACCBD /* SharedAlert.swift */,
			);
			path = ShareClass;
			sourceTree = "<group>";
		};
		A91F3E5A20AABE980080B8E9 /* communications */ = {
			isa = PBXGroup;
			children = (
				A994954F20AC18DB00EECC2B /* Model */,
				8A3B3F2820AB1B790003AD22 /* View */,
				8A3B3F2720AB1B580003AD22 /* Controller */,
			);
			path = communications;
			sourceTree = "<group>";
		};
		A994954F20AC18DB00EECC2B /* Model */ = {
			isa = PBXGroup;
			children = (
				A9209FA720AC30BD00E2F174 /* MatterDataSource.swift */,
				A9209FA520AC1D8700E2F174 /* MatterFlowLayout.swift */,
				8AEB4DDA20AE047D0045DBD2 /* CommunicationDetailDataSource.swift */,
				8A6C0EFC20AF15E4004B13DE /* MatterDetailDataSource.swift */,
				8A01B5F720B1576F00096FBE /* MasterDetailDelegate.swift */,
				8A01B5F920B165DF00096FBE /* MaterDetailModel.swift */,
			);
			path = Model;
			sourceTree = "<group>";
		};
		A994955020AC1A0F00EECC2B /* View */ = {
			isa = PBXGroup;
			children = (
				8AD69C0D20A5BC8500F2E135 /* ChatCell.swift */,
				8A01B5F320B1396300096FBE /* ImageChatcell.swift */,
			);
			path = View;
			sourceTree = "<group>";
		};
		A9A134DA2078A5270093A78E /* Settings */ = {
			isa = PBXGroup;
			children = (
				A9A134DB2078A53C0093A78E /* Controller */,
			);
			path = Settings;
			sourceTree = "<group>";
		};
		A9A134DB2078A53C0093A78E /* Controller */ = {
			isa = PBXGroup;
			children = (
				A9A134DC2078A6A00093A78E /* SettingViewController.swift */,
			);
			path = Controller;
			sourceTree = "<group>";
		};
		A9BEEEF020A5731B00C4755F /* Model */ = {
			isa = PBXGroup;
			children = (
				A91F3E5620AA92D70080B8E9 /* ChatTblSource.swift */,
				8A01B5F120B130C400096FBE /* ChatModel.swift */,
				8A01B5F520B145C000096FBE /* ChatTblDelegate.swift */,
			);
			path = Model;
			sourceTree = "<group>";
		};
		D7A125A67E165C407DEAE53A /* Pods */ = {
			isa = PBXGroup;
			children = (
				23A46941AB6EDF52BA6F8B03 /* Pods-RHT.debug.xcconfig */,
				244D957A260B9154C0786612 /* Pods-RHT.release.xcconfig */,
				C954AB559FFB2A8158F85024 /* Pods-RHTTests.debug.xcconfig */,
				7B2CDDDB8AFBA956B6E3AD4B /* Pods-RHTTests.release.xcconfig */,
				51C99EB4291957B471CC89F1 /* Pods-RHTUITests.debug.xcconfig */,
				00C3577DEEB6F94C6F480A0C /* Pods-RHTUITests.release.xcconfig */,
			);
			name = Pods;
			sourceTree = "<group>";
		};
/* End PBXGroup section */

/* Begin PBXNativeTarget section */
		A9182446206CBB2000B358D8 /* RHT */ = {
			isa = PBXNativeTarget;
			buildConfigurationList = A918246F206CBB2000B358D8 /* Build configuration list for PBXNativeTarget "RHT" */;
			buildPhases = (
				0FE5EF07218B09D1BFA19555 /* [CP] Check Pods Manifest.lock */,
				A9182443206CBB2000B358D8 /* Sources */,
				A9182444206CBB2000B358D8 /* Frameworks */,
				A9182445206CBB2000B358D8 /* Resources */,
				BEE94F8F2FCABB3D843337E4 /* [CP] Embed Pods Frameworks */,
				8AC56E0ABF42D9970CF23220 /* [CP] Copy Pods Resources */,
			);
			buildRules = (
			);
			dependencies = (
			);
			name = RHT;
			productName = RHT;
			productReference = A9182447206CBB2000B358D8 /* RHT.app */;
			productType = "com.apple.product-type.application";
		};
		A918245A206CBB2000B358D8 /* RHTTests */ = {
			isa = PBXNativeTarget;
			buildConfigurationList = A9182472206CBB2000B358D8 /* Build configuration list for PBXNativeTarget "RHTTests" */;
			buildPhases = (
				2FE54A378F487D165B612947 /* [CP] Check Pods Manifest.lock */,
				A9182457206CBB2000B358D8 /* Sources */,
				A9182458206CBB2000B358D8 /* Frameworks */,
				A9182459206CBB2000B358D8 /* Resources */,
			);
			buildRules = (
			);
			dependencies = (
				A918245D206CBB2000B358D8 /* PBXTargetDependency */,
			);
			name = RHTTests;
			productName = RHTTests;
			productReference = A918245B206CBB2000B358D8 /* RHTTests.xctest */;
			productType = "com.apple.product-type.bundle.unit-test";
		};
		A9182465206CBB2000B358D8 /* RHTUITests */ = {
			isa = PBXNativeTarget;
			buildConfigurationList = A9182475206CBB2000B358D8 /* Build configuration list for PBXNativeTarget "RHTUITests" */;
			buildPhases = (
				E014D3A3FD205482E84C36DF /* [CP] Check Pods Manifest.lock */,
				A9182462206CBB2000B358D8 /* Sources */,
				A9182463206CBB2000B358D8 /* Frameworks */,
				A9182464206CBB2000B358D8 /* Resources */,
			);
			buildRules = (
			);
			dependencies = (
				A9182468206CBB2000B358D8 /* PBXTargetDependency */,
			);
			name = RHTUITests;
			productName = RHTUITests;
			productReference = A9182466206CBB2000B358D8 /* RHTUITests.xctest */;
			productType = "com.apple.product-type.bundle.ui-testing";
		};
/* End PBXNativeTarget section */

/* Begin PBXProject section */
		A918243F206CBB2000B358D8 /* Project object */ = {
			isa = PBXProject;
			attributes = {
				LastSwiftUpdateCheck = 0920;
				LastUpgradeCheck = 0920;
				ORGANIZATIONNAME = rht;
				TargetAttributes = {
					A9182446206CBB2000B358D8 = {
						CreatedOnToolsVersion = 9.2;
						LastSwiftMigration = 0920;
						ProvisioningStyle = Automatic;
					};
					A918245A206CBB2000B358D8 = {
						CreatedOnToolsVersion = 9.2;
						ProvisioningStyle = Automatic;
						TestTargetID = A9182446206CBB2000B358D8;
					};
					A9182465206CBB2000B358D8 = {
						CreatedOnToolsVersion = 9.2;
						ProvisioningStyle = Automatic;
						TestTargetID = A9182446206CBB2000B358D8;
					};
				};
			};
			buildConfigurationList = A9182442206CBB2000B358D8 /* Build configuration list for PBXProject "RHT" */;
			compatibilityVersion = "Xcode 8.0";
			developmentRegion = en;
			hasScannedForEncodings = 0;
			knownRegions = (
				en,
				Base,
			);
			mainGroup = A918243E206CBB2000B358D8;
			productRefGroup = A9182448206CBB2000B358D8 /* Products */;
			projectDirPath = "";
			projectRoot = "";
			targets = (
				A9182446206CBB2000B358D8 /* RHT */,
				A918245A206CBB2000B358D8 /* RHTTests */,
				A9182465206CBB2000B358D8 /* RHTUITests */,
			);
		};
/* End PBXProject section */

/* Begin PBXResourcesBuildPhase section */
		A9182445206CBB2000B358D8 /* Resources */ = {
			isa = PBXResourcesBuildPhase;
			buildActionMask = 2147483647;
			files = (
				A9182455206CBB2000B358D8 /* LaunchScreen.storyboard in Resources */,
				A9182452206CBB2000B358D8 /* Assets.xcassets in Resources */,
				A9182481206CBD8F00B358D8 /* Login.storyboard in Resources */,
				A91E87ED207115C1006AF73D /* Loginipad.storyboard in Resources */,
				A918248C206CCA5900B358D8 /* Main.storyboard in Resources */,
				A91F3E5C20AABED80080B8E9 /* Communication.storyboard in Resources */,
			);
			runOnlyForDeploymentPostprocessing = 0;
		};
		A9182459206CBB2000B358D8 /* Resources */ = {
			isa = PBXResourcesBuildPhase;
			buildActionMask = 2147483647;
			files = (
			);
			runOnlyForDeploymentPostprocessing = 0;
		};
		A9182464206CBB2000B358D8 /* Resources */ = {
			isa = PBXResourcesBuildPhase;
			buildActionMask = 2147483647;
			files = (
			);
			runOnlyForDeploymentPostprocessing = 0;
		};
/* End PBXResourcesBuildPhase section */

/* Begin PBXShellScriptBuildPhase section */
		0FE5EF07218B09D1BFA19555 /* [CP] Check Pods Manifest.lock */ = {
			isa = PBXShellScriptBuildPhase;
			buildActionMask = 2147483647;
			files = (
			);
			inputPaths = (
				"${PODS_PODFILE_DIR_PATH}/Podfile.lock",
				"${PODS_ROOT}/Manifest.lock",
			);
			name = "[CP] Check Pods Manifest.lock";
			outputPaths = (
				"$(DERIVED_FILE_DIR)/Pods-RHT-checkManifestLockResult.txt",
			);
			runOnlyForDeploymentPostprocessing = 0;
			shellPath = /bin/sh;
			shellScript = "diff \"${PODS_PODFILE_DIR_PATH}/Podfile.lock\" \"${PODS_ROOT}/Manifest.lock\" > /dev/null\nif [ $? != 0 ] ; then\n    # print error to STDERR\n    echo \"error: The sandbox is not in sync with the Podfile.lock. Run 'pod install' or update your CocoaPods installation.\" >&2\n    exit 1\nfi\n# This output is used by Xcode 'outputs' to avoid re-running this script phase.\necho \"SUCCESS\" > \"${SCRIPT_OUTPUT_FILE_0}\"\n";
			showEnvVarsInLog = 0;
		};
		2FE54A378F487D165B612947 /* [CP] Check Pods Manifest.lock */ = {
			isa = PBXShellScriptBuildPhase;
			buildActionMask = 2147483647;
			files = (
			);
			inputPaths = (
				"${PODS_PODFILE_DIR_PATH}/Podfile.lock",
				"${PODS_ROOT}/Manifest.lock",
			);
			name = "[CP] Check Pods Manifest.lock";
			outputPaths = (
				"$(DERIVED_FILE_DIR)/Pods-RHTTests-checkManifestLockResult.txt",
			);
			runOnlyForDeploymentPostprocessing = 0;
			shellPath = /bin/sh;
			shellScript = "diff \"${PODS_PODFILE_DIR_PATH}/Podfile.lock\" \"${PODS_ROOT}/Manifest.lock\" > /dev/null\nif [ $? != 0 ] ; then\n    # print error to STDERR\n    echo \"error: The sandbox is not in sync with the Podfile.lock. Run 'pod install' or update your CocoaPods installation.\" >&2\n    exit 1\nfi\n# This output is used by Xcode 'outputs' to avoid re-running this script phase.\necho \"SUCCESS\" > \"${SCRIPT_OUTPUT_FILE_0}\"\n";
			showEnvVarsInLog = 0;
		};
		8AC56E0ABF42D9970CF23220 /* [CP] Copy Pods Resources */ = {
			isa = PBXShellScriptBuildPhase;
			buildActionMask = 2147483647;
			files = (
			);
			inputPaths = (
				"${SRCROOT}/Pods/Target Support Files/Pods-RHT/Pods-RHT-resources.sh",
				"${PODS_ROOT}/GoogleSignIn/Resources/GoogleSignIn.bundle",
			);
			name = "[CP] Copy Pods Resources";
			outputPaths = (
				"${TARGET_BUILD_DIR}/${UNLOCALIZED_RESOURCES_FOLDER_PATH}/GoogleSignIn.bundle",
			);
			runOnlyForDeploymentPostprocessing = 0;
			shellPath = /bin/sh;
			shellScript = "\"${SRCROOT}/Pods/Target Support Files/Pods-RHT/Pods-RHT-resources.sh\"\n";
			showEnvVarsInLog = 0;
		};
		BEE94F8F2FCABB3D843337E4 /* [CP] Embed Pods Frameworks */ = {
			isa = PBXShellScriptBuildPhase;
			buildActionMask = 2147483647;
			files = (
			);
			inputPaths = (
				"${SRCROOT}/Pods/Target Support Files/Pods-RHT/Pods-RHT-frameworks.sh",
				"${BUILT_PRODUCTS_DIR}/Alamofire/Alamofire.framework",
				"${BUILT_PRODUCTS_DIR}/ApiAI/ApiAI.framework",
				"${BUILT_PRODUCTS_DIR}/Bolts/Bolts.framework",
				"${BUILT_PRODUCTS_DIR}/FBSDKCoreKit/FBSDKCoreKit.framework",
				"${BUILT_PRODUCTS_DIR}/FBSDKLoginKit/FBSDKLoginKit.framework",
				"${BUILT_PRODUCTS_DIR}/FacebookCore/FacebookCore.framework",
				"${BUILT_PRODUCTS_DIR}/FacebookLogin/FacebookLogin.framework",
				"${BUILT_PRODUCTS_DIR}/GTMOAuth2/GTMOAuth2.framework",
				"${BUILT_PRODUCTS_DIR}/GTMSessionFetcher/GTMSessionFetcher.framework",
				"${BUILT_PRODUCTS_DIR}/GoogleToolboxForMac/GoogleToolboxForMac.framework",
				"${BUILT_PRODUCTS_DIR}/ReachabilitySwift/Reachability.framework",
				"${BUILT_PRODUCTS_DIR}/SVProgressHUD/SVProgressHUD.framework",
			);
			name = "[CP] Embed Pods Frameworks";
			outputPaths = (
				"${TARGET_BUILD_DIR}/${FRAMEWORKS_FOLDER_PATH}/Alamofire.framework",
				"${TARGET_BUILD_DIR}/${FRAMEWORKS_FOLDER_PATH}/ApiAI.framework",
				"${TARGET_BUILD_DIR}/${FRAMEWORKS_FOLDER_PATH}/Bolts.framework",
				"${TARGET_BUILD_DIR}/${FRAMEWORKS_FOLDER_PATH}/FBSDKCoreKit.framework",
				"${TARGET_BUILD_DIR}/${FRAMEWORKS_FOLDER_PATH}/FBSDKLoginKit.framework",
				"${TARGET_BUILD_DIR}/${FRAMEWORKS_FOLDER_PATH}/FacebookCore.framework",
				"${TARGET_BUILD_DIR}/${FRAMEWORKS_FOLDER_PATH}/FacebookLogin.framework",
				"${TARGET_BUILD_DIR}/${FRAMEWORKS_FOLDER_PATH}/GTMOAuth2.framework",
				"${TARGET_BUILD_DIR}/${FRAMEWORKS_FOLDER_PATH}/GTMSessionFetcher.framework",
				"${TARGET_BUILD_DIR}/${FRAMEWORKS_FOLDER_PATH}/GoogleToolboxForMac.framework",
				"${TARGET_BUILD_DIR}/${FRAMEWORKS_FOLDER_PATH}/Reachability.framework",
				"${TARGET_BUILD_DIR}/${FRAMEWORKS_FOLDER_PATH}/SVProgressHUD.framework",
			);
			runOnlyForDeploymentPostprocessing = 0;
			shellPath = /bin/sh;
			shellScript = "\"${SRCROOT}/Pods/Target Support Files/Pods-RHT/Pods-RHT-frameworks.sh\"\n";
			showEnvVarsInLog = 0;
		};
		E014D3A3FD205482E84C36DF /* [CP] Check Pods Manifest.lock */ = {
			isa = PBXShellScriptBuildPhase;
			buildActionMask = 2147483647;
			files = (
			);
			inputPaths = (
				"${PODS_PODFILE_DIR_PATH}/Podfile.lock",
				"${PODS_ROOT}/Manifest.lock",
			);
			name = "[CP] Check Pods Manifest.lock";
			outputPaths = (
				"$(DERIVED_FILE_DIR)/Pods-RHTUITests-checkManifestLockResult.txt",
			);
			runOnlyForDeploymentPostprocessing = 0;
			shellPath = /bin/sh;
			shellScript = "diff \"${PODS_PODFILE_DIR_PATH}/Podfile.lock\" \"${PODS_ROOT}/Manifest.lock\" > /dev/null\nif [ $? != 0 ] ; then\n    # print error to STDERR\n    echo \"error: The sandbox is not in sync with the Podfile.lock. Run 'pod install' or update your CocoaPods installation.\" >&2\n    exit 1\nfi\n# This output is used by Xcode 'outputs' to avoid re-running this script phase.\necho \"SUCCESS\" > \"${SCRIPT_OUTPUT_FILE_0}\"\n";
			showEnvVarsInLog = 0;
		};
/* End PBXShellScriptBuildPhase section */

/* Begin PBXSourcesBuildPhase section */
		A9182443206CBB2000B358D8 /* Sources */ = {
			isa = PBXSourcesBuildPhase;
			buildActionMask = 2147483647;
			files = (
				A916538E206E759C0029FFE1 /* CustomTextField.swift in Sources */,
				A9209FA820AC30BD00E2F174 /* MatterDataSource.swift in Sources */,
				8AFED3F920B2ABC50094F1DA /* CustomText.swift in Sources */,
				A994955220AC1A4F00EECC2B /* MatterCollectionViewCell.swift in Sources */,
				8AA6E60F20BED78A00C82BFA /* AppConfig.swift in Sources */,
				8AFF1B3120C10795005ACCBD /* SharedAlert.swift in Sources */,
				8A01B5F220B130C400096FBE /* ChatModel.swift in Sources */,
				8A6AEB8E20B8262C00D89295 /* HttpRequestMethod.swift in Sources */,
				8A2413CD20C9061D00033056 /* ImageViewCell.swift in Sources */,
				A9182488206CC4EC00B358D8 /* SharedData.swift in Sources */,
				8A08AA1620A32F0000C3B6A8 /* ChatViewController.swift in Sources */,
				A918248A206CC50500B358D8 /* AppConstant.swift in Sources */,
				8AEB4DD920AE04240045DBD2 /* CommunicationDetailController.swift in Sources */,
				A90BF65B2075F6AB007B8F2B /* RESideMenu.m in Sources */,
				A914484120700A960031AD30 /* HomeViewController.swift in Sources */,
				A9A134DD2078A6A00093A78E /* SettingViewController.swift in Sources */,
				A90BF65E2075F6D1007B8F2B /* UIViewController+RESideMenu.m in Sources */,
				8A01B5F820B1576F00096FBE /* MasterDetailDelegate.swift in Sources */,
				8A6C0EFB20AF14E8004B13DE /* MatterDetailCell.swift in Sources */,
				8AFC65D820B1CF2E00865555 /* DesignableView.swift in Sources */,
				8A01B5FA20B165DF00096FBE /* MaterDetailModel.swift in Sources */,
				8A01B5F620B145C000096FBE /* ChatTblDelegate.swift in Sources */,
				A921F835207755640042738A /* SharedNavigation.swift in Sources */,
				8A20477020BD506E006ED5AA /* CSSwiftApiHttpRequest.swift in Sources */,
				A91F3E5720AA92D70080B8E9 /* ChatTblSource.swift in Sources */,
				8A2413CB20C904D700033056 /* ImageView.swift in Sources */,
				8AFC65DA20B1D6DD00865555 /* ImageListController.swift in Sources */,
				8AD251F020B2F4CB00F77994 /* DesignableTextView.swift in Sources */,
				8AFED3F720B27EEE0094F1DA /* AddCommunicationController.swift in Sources */,
				8A6EDB5720C5198F00AA9EF7 /* LoginParsing.swift in Sources */,
				A9182483206CBF6500B358D8 /* LoginViewController.swift in Sources */,
				A921F83220774C120042738A /* RECommonFunctions.m in Sources */,
				8A42CC6C20C0198300AC6AB7 /* StringConstant.swift in Sources */,
				8A3B3F2B20AB22DB0003AD22 /* CommunicationController.swift in Sources */,
				8AD69C0E20A5BC8500F2E135 /* ChatCell.swift in Sources */,
				8AFED3EF20B21F040094F1DA /* ChatListController.swift in Sources */,
				A914484320700E650031AD30 /* HomeCollectionViewCell.swift in Sources */,
				8A6C0EFD20AF15E4004B13DE /* MatterDetailDataSource.swift in Sources */,
				8AA6E60D20BEC75E00C82BFA /* Enum.swift in Sources */,
				8AEB4DDB20AE047D0045DBD2 /* CommunicationDetailDataSource.swift in Sources */,
				8A01B5F420B1396300096FBE /* ImageChatcell.swift in Sources */,
				8ADC021520AEB85500EE03DA /* DesignableButon.swift in Sources */,
				8A6EDB5520C501B700AA9EF7 /* UserDetailModel.swift in Sources */,
				A918248E206CD09800B358D8 /* RegisterViewController.swift in Sources */,
				A918244B206CBB2000B358D8 /* AppDelegate.swift in Sources */,
				A9A134DF2078B1930093A78E /* HomeCollectionFlowLayout.swift in Sources */,
				A9182486206CC4AC00B358D8 /* BaseViewController.swift in Sources */,
				8A6AEB9020B82C7100D89295 /* SessionManagers.swift in Sources */,
				A9209FA620AC1D8700E2F174 /* MatterFlowLayout.swift in Sources */,
			);
			runOnlyForDeploymentPostprocessing = 0;
		};
		A9182457206CBB2000B358D8 /* Sources */ = {
			isa = PBXSourcesBuildPhase;
			buildActionMask = 2147483647;
			files = (
				A9182460206CBB2000B358D8 /* RHTTests.swift in Sources */,
			);
			runOnlyForDeploymentPostprocessing = 0;
		};
		A9182462206CBB2000B358D8 /* Sources */ = {
			isa = PBXSourcesBuildPhase;
			buildActionMask = 2147483647;
			files = (
				A918246B206CBB2000B358D8 /* RHTUITests.swift in Sources */,
			);
			runOnlyForDeploymentPostprocessing = 0;
		};
/* End PBXSourcesBuildPhase section */

/* Begin PBXTargetDependency section */
		A918245D206CBB2000B358D8 /* PBXTargetDependency */ = {
			isa = PBXTargetDependency;
			target = A9182446206CBB2000B358D8 /* RHT */;
			targetProxy = A918245C206CBB2000B358D8 /* PBXContainerItemProxy */;
		};
		A9182468206CBB2000B358D8 /* PBXTargetDependency */ = {
			isa = PBXTargetDependency;
			target = A9182446206CBB2000B358D8 /* RHT */;
			targetProxy = A9182467206CBB2000B358D8 /* PBXContainerItemProxy */;
		};
/* End PBXTargetDependency section */

/* Begin PBXVariantGroup section */
		A9182453206CBB2000B358D8 /* LaunchScreen.storyboard */ = {
			isa = PBXVariantGroup;
			children = (
				A9182454206CBB2000B358D8 /* Base */,
			);
			name = LaunchScreen.storyboard;
			sourceTree = "<group>";
		};
/* End PBXVariantGroup section */

/* Begin XCBuildConfiguration section */
		A918246D206CBB2000B358D8 /* Debug */ = {
			isa = XCBuildConfiguration;
			buildSettings = {
				ALWAYS_SEARCH_USER_PATHS = NO;
				CLANG_ANALYZER_NONNULL = YES;
				CLANG_ANALYZER_NUMBER_OBJECT_CONVERSION = YES_AGGRESSIVE;
				CLANG_CXX_LANGUAGE_STANDARD = "gnu++14";
				CLANG_CXX_LIBRARY = "libc++";
				CLANG_ENABLE_MODULES = YES;
				CLANG_ENABLE_OBJC_ARC = YES;
				CLANG_WARN_BLOCK_CAPTURE_AUTORELEASING = YES;
				CLANG_WARN_BOOL_CONVERSION = YES;
				CLANG_WARN_COMMA = YES;
				CLANG_WARN_CONSTANT_CONVERSION = YES;
				CLANG_WARN_DIRECT_OBJC_ISA_USAGE = YES_ERROR;
				CLANG_WARN_DOCUMENTATION_COMMENTS = YES;
				CLANG_WARN_EMPTY_BODY = YES;
				CLANG_WARN_ENUM_CONVERSION = YES;
				CLANG_WARN_INFINITE_RECURSION = YES;
				CLANG_WARN_INT_CONVERSION = YES;
				CLANG_WARN_NON_LITERAL_NULL_CONVERSION = YES;
				CLANG_WARN_OBJC_LITERAL_CONVERSION = YES;
				CLANG_WARN_OBJC_ROOT_CLASS = YES_ERROR;
				CLANG_WARN_RANGE_LOOP_ANALYSIS = YES;
				CLANG_WARN_STRICT_PROTOTYPES = YES;
				CLANG_WARN_SUSPICIOUS_MOVE = YES;
				CLANG_WARN_UNGUARDED_AVAILABILITY = YES_AGGRESSIVE;
				CLANG_WARN_UNREACHABLE_CODE = YES;
				CLANG_WARN__DUPLICATE_METHOD_MATCH = YES;
				CODE_SIGN_IDENTITY = "iPhone Developer";
				COPY_PHASE_STRIP = NO;
				DEBUG_INFORMATION_FORMAT = dwarf;
				ENABLE_STRICT_OBJC_MSGSEND = YES;
				ENABLE_TESTABILITY = YES;
				GCC_C_LANGUAGE_STANDARD = gnu11;
				GCC_DYNAMIC_NO_PIC = NO;
				GCC_NO_COMMON_BLOCKS = YES;
				GCC_OPTIMIZATION_LEVEL = 0;
				GCC_PREPROCESSOR_DEFINITIONS = (
					"DEBUG=1",
					"$(inherited)",
				);
				GCC_WARN_64_TO_32_BIT_CONVERSION = YES;
				GCC_WARN_ABOUT_RETURN_TYPE = YES_ERROR;
				GCC_WARN_UNDECLARED_SELECTOR = YES;
				GCC_WARN_UNINITIALIZED_AUTOS = YES_AGGRESSIVE;
				GCC_WARN_UNUSED_FUNCTION = YES;
				GCC_WARN_UNUSED_VARIABLE = YES;
				IPHONEOS_DEPLOYMENT_TARGET = 11.2;
				MTL_ENABLE_DEBUG_INFO = YES;
				ONLY_ACTIVE_ARCH = YES;
				SDKROOT = iphoneos;
				SWIFT_ACTIVE_COMPILATION_CONDITIONS = DEBUG;
				SWIFT_OPTIMIZATION_LEVEL = "-Onone";
			};
			name = Debug;
		};
		A918246E206CBB2000B358D8 /* Release */ = {
			isa = XCBuildConfiguration;
			buildSettings = {
				ALWAYS_SEARCH_USER_PATHS = NO;
				CLANG_ANALYZER_NONNULL = YES;
				CLANG_ANALYZER_NUMBER_OBJECT_CONVERSION = YES_AGGRESSIVE;
				CLANG_CXX_LANGUAGE_STANDARD = "gnu++14";
				CLANG_CXX_LIBRARY = "libc++";
				CLANG_ENABLE_MODULES = YES;
				CLANG_ENABLE_OBJC_ARC = YES;
				CLANG_WARN_BLOCK_CAPTURE_AUTORELEASING = YES;
				CLANG_WARN_BOOL_CONVERSION = YES;
				CLANG_WARN_COMMA = YES;
				CLANG_WARN_CONSTANT_CONVERSION = YES;
				CLANG_WARN_DIRECT_OBJC_ISA_USAGE = YES_ERROR;
				CLANG_WARN_DOCUMENTATION_COMMENTS = YES;
				CLANG_WARN_EMPTY_BODY = YES;
				CLANG_WARN_ENUM_CONVERSION = YES;
				CLANG_WARN_INFINITE_RECURSION = YES;
				CLANG_WARN_INT_CONVERSION = YES;
				CLANG_WARN_NON_LITERAL_NULL_CONVERSION = YES;
				CLANG_WARN_OBJC_LITERAL_CONVERSION = YES;
				CLANG_WARN_OBJC_ROOT_CLASS = YES_ERROR;
				CLANG_WARN_RANGE_LOOP_ANALYSIS = YES;
				CLANG_WARN_STRICT_PROTOTYPES = YES;
				CLANG_WARN_SUSPICIOUS_MOVE = YES;
				CLANG_WARN_UNGUARDED_AVAILABILITY = YES_AGGRESSIVE;
				CLANG_WARN_UNREACHABLE_CODE = YES;
				CLANG_WARN__DUPLICATE_METHOD_MATCH = YES;
				CODE_SIGN_IDENTITY = "iPhone Developer";
				COPY_PHASE_STRIP = NO;
				DEBUG_INFORMATION_FORMAT = "dwarf-with-dsym";
				ENABLE_NS_ASSERTIONS = NO;
				ENABLE_STRICT_OBJC_MSGSEND = YES;
				GCC_C_LANGUAGE_STANDARD = gnu11;
				GCC_NO_COMMON_BLOCKS = YES;
				GCC_WARN_64_TO_32_BIT_CONVERSION = YES;
				GCC_WARN_ABOUT_RETURN_TYPE = YES_ERROR;
				GCC_WARN_UNDECLARED_SELECTOR = YES;
				GCC_WARN_UNINITIALIZED_AUTOS = YES_AGGRESSIVE;
				GCC_WARN_UNUSED_FUNCTION = YES;
				GCC_WARN_UNUSED_VARIABLE = YES;
				IPHONEOS_DEPLOYMENT_TARGET = 11.2;
				MTL_ENABLE_DEBUG_INFO = NO;
				SDKROOT = iphoneos;
				SWIFT_OPTIMIZATION_LEVEL = "-Owholemodule";
				VALIDATE_PRODUCT = YES;
			};
			name = Release;
		};
		A9182470206CBB2000B358D8 /* Debug */ = {
			isa = XCBuildConfiguration;
			baseConfigurationReference = 23A46941AB6EDF52BA6F8B03 /* Pods-RHT.debug.xcconfig */;
			buildSettings = {
				ASSETCATALOG_COMPILER_APPICON_NAME = AppIcon;
				CLANG_ENABLE_MODULES = YES;
				CODE_SIGN_IDENTITY = "iPhone Developer: kamalelango15@gmail.com (4W8Z798JZ5)";
				"CODE_SIGN_IDENTITY[sdk=iphoneos*]" = "iPhone Developer";
				CODE_SIGN_STYLE = Automatic;
				DEVELOPMENT_TEAM = 4K9MTMGXK8;
				INFOPLIST_FILE = RHT/Info.plist;
				IPHONEOS_DEPLOYMENT_TARGET = 10.0;
				LD_RUNPATH_SEARCH_PATHS = "$(inherited) @executable_path/Frameworks";
				PRODUCT_BUNDLE_IDENTIFIER = rht.RHs;
				PRODUCT_NAME = "$(TARGET_NAME)";
				PROVISIONING_PROFILE_SPECIFIER = "";
				SWIFT_OBJC_BRIDGING_HEADER = "RHT/RHT-Bridging-Header.h";
				SWIFT_OPTIMIZATION_LEVEL = "-Onone";
				SWIFT_VERSION = 4.0;
				TARGETED_DEVICE_FAMILY = "1,2";
			};
			name = Debug;
		};
		A9182471206CBB2000B358D8 /* Release */ = {
			isa = XCBuildConfiguration;
			baseConfigurationReference = 244D957A260B9154C0786612 /* Pods-RHT.release.xcconfig */;
			buildSettings = {
				ASSETCATALOG_COMPILER_APPICON_NAME = AppIcon;
				CLANG_ENABLE_MODULES = YES;
				CODE_SIGN_IDENTITY = "iPhone Developer: kamalelango15@gmail.com (4W8Z798JZ5)";
				"CODE_SIGN_IDENTITY[sdk=iphoneos*]" = "iPhone Developer";
				CODE_SIGN_STYLE = Automatic;
				DEVELOPMENT_TEAM = 4K9MTMGXK8;
				INFOPLIST_FILE = RHT/Info.plist;
				IPHONEOS_DEPLOYMENT_TARGET = 10.0;
				LD_RUNPATH_SEARCH_PATHS = "$(inherited) @executable_path/Frameworks";
				PRODUCT_BUNDLE_IDENTIFIER = rht.RHs;
				PRODUCT_NAME = "$(TARGET_NAME)";
				PROVISIONING_PROFILE_SPECIFIER = "";
				SWIFT_OBJC_BRIDGING_HEADER = "RHT/RHT-Bridging-Header.h";
				SWIFT_VERSION = 4.0;
				TARGETED_DEVICE_FAMILY = "1,2";
			};
			name = Release;
		};
		A9182473206CBB2000B358D8 /* Debug */ = {
			isa = XCBuildConfiguration;
			baseConfigurationReference = C954AB559FFB2A8158F85024 /* Pods-RHTTests.debug.xcconfig */;
			buildSettings = {
				ALWAYS_EMBED_SWIFT_STANDARD_LIBRARIES = YES;
				BUNDLE_LOADER = "$(TEST_HOST)";
				CODE_SIGN_STYLE = Automatic;
				DEVELOPMENT_TEAM = 4K9MTMGXK8;
				INFOPLIST_FILE = RHTTests/Info.plist;
				LD_RUNPATH_SEARCH_PATHS = "$(inherited) @executable_path/Frameworks @loader_path/Frameworks";
				PRODUCT_BUNDLE_IDENTIFIER = rht.RHTTests;
				PRODUCT_NAME = "$(TARGET_NAME)";
				SWIFT_VERSION = 4.0;
				TARGETED_DEVICE_FAMILY = "1,2";
				TEST_HOST = "$(BUILT_PRODUCTS_DIR)/RHT.app/RHT";
			};
			name = Debug;
		};
		A9182474206CBB2000B358D8 /* Release */ = {
			isa = XCBuildConfiguration;
			baseConfigurationReference = 7B2CDDDB8AFBA956B6E3AD4B /* Pods-RHTTests.release.xcconfig */;
			buildSettings = {
				ALWAYS_EMBED_SWIFT_STANDARD_LIBRARIES = YES;
				BUNDLE_LOADER = "$(TEST_HOST)";
				CODE_SIGN_STYLE = Automatic;
				DEVELOPMENT_TEAM = 4K9MTMGXK8;
				INFOPLIST_FILE = RHTTests/Info.plist;
				LD_RUNPATH_SEARCH_PATHS = "$(inherited) @executable_path/Frameworks @loader_path/Frameworks";
				PRODUCT_BUNDLE_IDENTIFIER = rht.RHTTests;
				PRODUCT_NAME = "$(TARGET_NAME)";
				SWIFT_VERSION = 4.0;
				TARGETED_DEVICE_FAMILY = "1,2";
				TEST_HOST = "$(BUILT_PRODUCTS_DIR)/RHT.app/RHT";
			};
			name = Release;
		};
		A9182476206CBB2000B358D8 /* Debug */ = {
			isa = XCBuildConfiguration;
			baseConfigurationReference = 51C99EB4291957B471CC89F1 /* Pods-RHTUITests.debug.xcconfig */;
			buildSettings = {
				ALWAYS_EMBED_SWIFT_STANDARD_LIBRARIES = YES;
				CODE_SIGN_STYLE = Automatic;
				DEVELOPMENT_TEAM = 4K9MTMGXK8;
				INFOPLIST_FILE = RHTUITests/Info.plist;
				LD_RUNPATH_SEARCH_PATHS = "$(inherited) @executable_path/Frameworks @loader_path/Frameworks";
				PRODUCT_BUNDLE_IDENTIFIER = rht.RHTUITests;
				PRODUCT_NAME = "$(TARGET_NAME)";
				SWIFT_VERSION = 4.0;
				TARGETED_DEVICE_FAMILY = "1,2";
				TEST_TARGET_NAME = RHT;
			};
			name = Debug;
		};
		A9182477206CBB2000B358D8 /* Release */ = {
			isa = XCBuildConfiguration;
			baseConfigurationReference = 00C3577DEEB6F94C6F480A0C /* Pods-RHTUITests.release.xcconfig */;
			buildSettings = {
				ALWAYS_EMBED_SWIFT_STANDARD_LIBRARIES = YES;
				CODE_SIGN_STYLE = Automatic;
				DEVELOPMENT_TEAM = 4K9MTMGXK8;
				INFOPLIST_FILE = RHTUITests/Info.plist;
				LD_RUNPATH_SEARCH_PATHS = "$(inherited) @executable_path/Frameworks @loader_path/Frameworks";
				PRODUCT_BUNDLE_IDENTIFIER = rht.RHTUITests;
				PRODUCT_NAME = "$(TARGET_NAME)";
				SWIFT_VERSION = 4.0;
				TARGETED_DEVICE_FAMILY = "1,2";
				TEST_TARGET_NAME = RHT;
			};
			name = Release;
		};
/* End XCBuildConfiguration section */

/* Begin XCConfigurationList section */
		A9182442206CBB2000B358D8 /* Build configuration list for PBXProject "RHT" */ = {
			isa = XCConfigurationList;
			buildConfigurations = (
				A918246D206CBB2000B358D8 /* Debug */,
				A918246E206CBB2000B358D8 /* Release */,
			);
			defaultConfigurationIsVisible = 0;
			defaultConfigurationName = Release;
		};
		A918246F206CBB2000B358D8 /* Build configuration list for PBXNativeTarget "RHT" */ = {
			isa = XCConfigurationList;
			buildConfigurations = (
				A9182470206CBB2000B358D8 /* Debug */,
				A9182471206CBB2000B358D8 /* Release */,
			);
			defaultConfigurationIsVisible = 0;
			defaultConfigurationName = Release;
		};
		A9182472206CBB2000B358D8 /* Build configuration list for PBXNativeTarget "RHTTests" */ = {
			isa = XCConfigurationList;
			buildConfigurations = (
				A9182473206CBB2000B358D8 /* Debug */,
				A9182474206CBB2000B358D8 /* Release */,
			);
			defaultConfigurationIsVisible = 0;
			defaultConfigurationName = Release;
		};
		A9182475206CBB2000B358D8 /* Build configuration list for PBXNativeTarget "RHTUITests" */ = {
			isa = XCConfigurationList;
			buildConfigurations = (
				A9182476206CBB2000B358D8 /* Debug */,
				A9182477206CBB2000B358D8 /* Release */,
			);
			defaultConfigurationIsVisible = 0;
			defaultConfigurationName = Release;
		};
/* End XCConfigurationList section */
	};
	rootObject = A918243F206CBB2000B358D8 /* Project object */;
}
